
Microsoft Visual Studio Solution File, Format Version 12.00
# Visual Studio Version 17
VisualStudioVersion = 17.3.32819.101
MinimumVisualStudioVersion = 10.0.40219.1
Project("{FAE04EC0-301F-11D3-BF4B-00C04F79EFBC}") = "Lab1.NumberSystems", "Lab1.NumberSystems\Lab1.NumberSystems.csproj", "{E1414475-B9C0-4781-A020-613B4FBC6E0F}"
EndProject
Global
	GlobalSection(SolutionConfigurationPlatforms) = preSolution
		Debug|Any CPU = Debug|Any CPU
		Release|Any CPU = Release|Any CPU
	EndGlobalSection
	GlobalSection(ProjectConfigurationPlatforms) = postSolution
		{E1414475-B9C0-4781-A020-613B4FBC6E0F}.Debug|Any CPU.ActiveCfg = Debug|Any CPU
		{E1414475-B9C0-4781-A020-613B4FBC6E0F}.Debug|Any CPU.Build.0 = Debug|Any CPU
		{E1414475-B9C0-4781-A020-613B4FBC6E0F}.Release|Any CPU.ActiveCfg = Release|Any CPU
		{E1414475-B9C0-4781-A020-613B4FBC6E0F}.Release|Any CPU.Build.0 = Release|Any CPU
	EndGlobalSection
	GlobalSection(SolutionProperties) = preSolution
		HideSolutionNode = FALSE
	EndGlobalSection
	GlobalSection(ExtensibilityGlobals) = postSolution
		SolutionGuid = {A8CCAC52-9A49-4854-A7EB-AA1541C181D1}
	EndGlobalSection
EndGlobal
