
Microsoft Visual Studio Solution File, Format Version 12.00
# Visual Studio Version 17
VisualStudioVersion = 17.7.34024.191
MinimumVisualStudioVersion = 10.0.40219.1
Project("{FAE04EC0-301F-11D3-BF4B-00C04F79EFBC}") = "Lab2", "Lab2.csproj", "{EDDA4401-4DA5-49DB-8F7B-DA0B0D1A310E}"
EndProject
Global
	GlobalSection(SolutionConfigurationPlatforms) = preSolution
		Debug|Any CPU = Debug|Any CPU
		Release|Any CPU = Release|Any CPU
	EndGlobalSection
	GlobalSection(ProjectConfigurationPlatforms) = postSolution
		{EDDA4401-4DA5-49DB-8F7B-DA0B0D1A310E}.Debug|Any CPU.ActiveCfg = Debug|Any CPU
		{EDDA4401-4DA5-49DB-8F7B-DA0B0D1A310E}.Debug|Any CPU.Build.0 = Debug|Any CPU
		{EDDA4401-4DA5-49DB-8F7B-DA0B0D1A310E}.Release|Any CPU.ActiveCfg = Release|Any CPU
		{EDDA4401-4DA5-49DB-8F7B-DA0B0D1A310E}.Release|Any CPU.Build.0 = Release|Any CPU
	EndGlobalSection
	GlobalSection(SolutionProperties) = preSolution
		HideSolutionNode = FALSE
	EndGlobalSection
	GlobalSection(ExtensibilityGlobals) = postSolution
		SolutionGuid = {002CD889-0626-4F61-AAB1-3D88D07F33F0}
	EndGlobalSection
EndGlobal
