
Microsoft Visual Studio Solution File, Format Version 12.00
Project("{FAE04EC0-301F-11D3-BF4B-00C04F79EFBC}") = "PresentationProject.Web", "PresentationProject.Web\PresentationProject.Web.csproj", "{C78468A1-75A1-4FC6-9EF7-D5B43F979AE3}"
EndProject
Global
	GlobalSection(SolutionConfigurationPlatforms) = preSolution
		Debug|Any CPU = Debug|Any CPU
		Release|Any CPU = Release|Any CPU
	EndGlobalSection
	GlobalSection(ProjectConfigurationPlatforms) = postSolution
		{C78468A1-75A1-4FC6-9EF7-D5B43F979AE3}.Debug|Any CPU.ActiveCfg = Debug|Any CPU
		{C78468A1-75A1-4FC6-9EF7-D5B43F979AE3}.Debug|Any CPU.Build.0 = Debug|Any CPU
		{C78468A1-75A1-4FC6-9EF7-D5B43F979AE3}.Release|Any CPU.ActiveCfg = Release|Any CPU
		{C78468A1-75A1-4FC6-9EF7-D5B43F979AE3}.Release|Any CPU.Build.0 = Release|Any CPU
	EndGlobalSection
EndGlobal
