
Microsoft Visual Studio Solution File, Format Version 12.00
Project("{FAE04EC0-301F-11D3-BF4B-00C04F79EFBC}") = "Ring", "Ring\Ring.csproj", "{709B8A00-06A7-4603-B4C1-516AA8A750EE}"
EndProject
Global
	GlobalSection(SolutionConfigurationPlatforms) = preSolution
		Debug|Any CPU = Debug|Any CPU
		Release|Any CPU = Release|Any CPU
	EndGlobalSection
	GlobalSection(ProjectConfigurationPlatforms) = postSolution
		{709B8A00-06A7-4603-B4C1-516AA8A750EE}.Debug|Any CPU.ActiveCfg = Debug|Any CPU
		{709B8A00-06A7-4603-B4C1-516AA8A750EE}.Debug|Any CPU.Build.0 = Debug|Any CPU
		{709B8A00-06A7-4603-B4C1-516AA8A750EE}.Release|Any CPU.ActiveCfg = Release|Any CPU
		{709B8A00-06A7-4603-B4C1-516AA8A750EE}.Release|Any CPU.Build.0 = Release|Any CPU
	EndGlobalSection
EndGlobal
