
Microsoft Visual Studio Solution File, Format Version 12.00
# Visual Studio Version 17
VisualStudioVersion = 17.0.31903.59
MinimumVisualStudioVersion = 10.0.40219.1
Project("{FAE04EC0-301F-11D3-BF4B-00C04F79EFBC}") = "Spp.Lab1.WebAssemblyBlazor.Web", "Spp.Lab1.WebAssemblyBlazor.Web\Spp.Lab1.WebAssemblyBlazor.Web.csproj", "{4D90A381-F3C7-4623-8CD7-C9A082566F8C}"
EndProject
Project("{FAE04EC0-301F-11D3-BF4B-00C04F79EFBC}") = "Spp.Lab1.WebAssemblyBlazor.Client", "Spp.Lab1.WebAssemblyBlazor.Client\Spp.Lab1.WebAssemblyBlazor.Client.csproj", "{017BA33C-4D83-4671-8459-F425CF98B9FF}"
EndProject
Global
	GlobalSection(SolutionConfigurationPlatforms) = preSolution
		Debug|Any CPU = Debug|Any CPU
		Release|Any CPU = Release|Any CPU
	EndGlobalSection
	GlobalSection(SolutionProperties) = preSolution
		HideSolutionNode = FALSE
	EndGlobalSection
	GlobalSection(ProjectConfigurationPlatforms) = postSolution
		{4D90A381-F3C7-4623-8CD7-C9A082566F8C}.Debug|Any CPU.ActiveCfg = Debug|Any CPU
		{4D90A381-F3C7-4623-8CD7-C9A082566F8C}.Debug|Any CPU.Build.0 = Debug|Any CPU
		{4D90A381-F3C7-4623-8CD7-C9A082566F8C}.Release|Any CPU.ActiveCfg = Release|Any CPU
		{4D90A381-F3C7-4623-8CD7-C9A082566F8C}.Release|Any CPU.Build.0 = Release|Any CPU
		{017BA33C-4D83-4671-8459-F425CF98B9FF}.Debug|Any CPU.ActiveCfg = Debug|Any CPU
		{017BA33C-4D83-4671-8459-F425CF98B9FF}.Debug|Any CPU.Build.0 = Debug|Any CPU
		{017BA33C-4D83-4671-8459-F425CF98B9FF}.Release|Any CPU.ActiveCfg = Release|Any CPU
		{017BA33C-4D83-4671-8459-F425CF98B9FF}.Release|Any CPU.Build.0 = Release|Any CPU
	EndGlobalSection
EndGlobal
