
Microsoft Visual Studio Solution File, Format Version 12.00
Project("{FAE04EC0-301F-11D3-BF4B-00C04F79EFBC}") = "Lab6.4", "Lab6.4\Lab6.4.csproj", "{6456DE22-07B1-4CF8-A54F-10AF38A1B71B}"
EndProject
Global
	GlobalSection(SolutionConfigurationPlatforms) = preSolution
		Debug|Any CPU = Debug|Any CPU
		Release|Any CPU = Release|Any CPU
	EndGlobalSection
	GlobalSection(ProjectConfigurationPlatforms) = postSolution
		{6456DE22-07B1-4CF8-A54F-10AF38A1B71B}.Debug|Any CPU.ActiveCfg = Debug|Any CPU
		{6456DE22-07B1-4CF8-A54F-10AF38A1B71B}.Debug|Any CPU.Build.0 = Debug|Any CPU
		{6456DE22-07B1-4CF8-A54F-10AF38A1B71B}.Release|Any CPU.ActiveCfg = Release|Any CPU
		{6456DE22-07B1-4CF8-A54F-10AF38A1B71B}.Release|Any CPU.Build.0 = Release|Any CPU
	EndGlobalSection
EndGlobal
