
Microsoft Visual Studio Solution File, Format Version 12.00
# Visual Studio Version 17
VisualStudioVersion = 17.4.33110.190
MinimumVisualStudioVersion = 10.0.40219.1
Project("{FAE04EC0-301F-11D3-BF4B-00C04F79EFBC}") = "RedAllert", "src\RedAllert\RedAllert.csproj", "{52499C0B-A5AF-431B-B48E-350BFFC8AB1A}"
EndProject
Global
	GlobalSection(SolutionConfigurationPlatforms) = preSolution
		Debug|Any CPU = Debug|Any CPU
		Release|Any CPU = Release|Any CPU
	EndGlobalSection
	GlobalSection(ProjectConfigurationPlatforms) = postSolution
		{52499C0B-A5AF-431B-B48E-350BFFC8AB1A}.Debug|Any CPU.ActiveCfg = Debug|Any CPU
		{52499C0B-A5AF-431B-B48E-350BFFC8AB1A}.Debug|Any CPU.Build.0 = Debug|Any CPU
		{52499C0B-A5AF-431B-B48E-350BFFC8AB1A}.Release|Any CPU.ActiveCfg = Release|Any CPU
		{52499C0B-A5AF-431B-B48E-350BFFC8AB1A}.Release|Any CPU.Build.0 = Release|Any CPU
	EndGlobalSection
	GlobalSection(SolutionProperties) = preSolution
		HideSolutionNode = FALSE
	EndGlobalSection
	GlobalSection(ExtensibilityGlobals) = postSolution
		SolutionGuid = {3ABA2BA5-2B09-4270-9589-135E2504D694}
	EndGlobalSection
EndGlobal
