
Microsoft Visual Studio Solution File, Format Version 12.00
Project("{FAE04EC0-301F-11D3-BF4B-00C04F79EFBC}") = "CalcOne", "CalcOne\CalcOne.csproj", "{BEBA215E-2237-495F-ADC6-7DB79168FC01}"
EndProject
Global
	GlobalSection(SolutionConfigurationPlatforms) = preSolution
		Debug|Any CPU = Debug|Any CPU
		Release|Any CPU = Release|Any CPU
	EndGlobalSection
	GlobalSection(ProjectConfigurationPlatforms) = postSolution
		{BEBA215E-2237-495F-ADC6-7DB79168FC01}.Debug|Any CPU.ActiveCfg = Debug|Any CPU
		{BEBA215E-2237-495F-ADC6-7DB79168FC01}.Debug|Any CPU.Build.0 = Debug|Any CPU
		{BEBA215E-2237-495F-ADC6-7DB79168FC01}.Release|Any CPU.ActiveCfg = Release|Any CPU
		{BEBA215E-2237-495F-ADC6-7DB79168FC01}.Release|Any CPU.Build.0 = Release|Any CPU
	EndGlobalSection
EndGlobal
