
Microsoft Visual Studio Solution File, Format Version 12.00
Project("{FAE04EC0-301F-11D3-BF4B-00C04F79EFBC}") = "Lab1", "Lab1\Lab1.csproj", "{2E74DB2C-0737-4DA9-B1AA-0AE40150AA61}"
EndProject
Global
	GlobalSection(SolutionConfigurationPlatforms) = preSolution
		Debug|Any CPU = Debug|Any CPU
		Release|Any CPU = Release|Any CPU
	EndGlobalSection
	GlobalSection(ProjectConfigurationPlatforms) = postSolution
		{2E74DB2C-0737-4DA9-B1AA-0AE40150AA61}.Debug|Any CPU.ActiveCfg = Debug|Any CPU
		{2E74DB2C-0737-4DA9-B1AA-0AE40150AA61}.Debug|Any CPU.Build.0 = Debug|Any CPU
		{2E74DB2C-0737-4DA9-B1AA-0AE40150AA61}.Release|Any CPU.ActiveCfg = Release|Any CPU
		{2E74DB2C-0737-4DA9-B1AA-0AE40150AA61}.Release|Any CPU.Build.0 = Release|Any CPU
	EndGlobalSection
EndGlobal
