
Microsoft Visual Studio Solution File, Format Version 12.00
Project("{FAE04EC0-301F-11D3-BF4B-00C04F79EFBC}") = "Lab6", "Lab6\Lab6.csproj", "{FF86C7DF-3605-49D4-B385-2E241EA2F143}"
EndProject
Global
	GlobalSection(SolutionConfigurationPlatforms) = preSolution
		Debug|Any CPU = Debug|Any CPU
		Release|Any CPU = Release|Any CPU
	EndGlobalSection
	GlobalSection(ProjectConfigurationPlatforms) = postSolution
		{FF86C7DF-3605-49D4-B385-2E241EA2F143}.Debug|Any CPU.ActiveCfg = Debug|Any CPU
		{FF86C7DF-3605-49D4-B385-2E241EA2F143}.Debug|Any CPU.Build.0 = Debug|Any CPU
		{FF86C7DF-3605-49D4-B385-2E241EA2F143}.Release|Any CPU.ActiveCfg = Release|Any CPU
		{FF86C7DF-3605-49D4-B385-2E241EA2F143}.Release|Any CPU.Build.0 = Release|Any CPU
	EndGlobalSection
EndGlobal
