
Microsoft Visual Studio Solution File, Format Version 12.00
# Visual Studio Version 17
VisualStudioVersion = 17.1.32319.34
MinimumVisualStudioVersion = 10.0.40219.1
Project("{FAE04EC0-301F-11D3-BF4B-00C04F79EFBC}") = "10lab", "10lab\10lab.csproj", "{B68BC301-AC88-4343-9A2A-DA90C12F8573}"
EndProject
Global
	GlobalSection(SolutionConfigurationPlatforms) = preSolution
		Debug|Any CPU = Debug|Any CPU
		Release|Any CPU = Release|Any CPU
	EndGlobalSection
	GlobalSection(ProjectConfigurationPlatforms) = postSolution
		{B68BC301-AC88-4343-9A2A-DA90C12F8573}.Debug|Any CPU.ActiveCfg = Debug|Any CPU
		{B68BC301-AC88-4343-9A2A-DA90C12F8573}.Debug|Any CPU.Build.0 = Debug|Any CPU
		{B68BC301-AC88-4343-9A2A-DA90C12F8573}.Release|Any CPU.ActiveCfg = Release|Any CPU
		{B68BC301-AC88-4343-9A2A-DA90C12F8573}.Release|Any CPU.Build.0 = Release|Any CPU
	EndGlobalSection
	GlobalSection(SolutionProperties) = preSolution
		HideSolutionNode = FALSE
	EndGlobalSection
	GlobalSection(ExtensibilityGlobals) = postSolution
		SolutionGuid = {C0213143-B04C-4FFC-858E-3C56A7E4A7B1}
	EndGlobalSection
EndGlobal
