
Microsoft Visual Studio Solution File, Format Version 12.00
# Visual Studio Version 17
VisualStudioVersion = 17.1.32319.34
MinimumVisualStudioVersion = 10.0.40219.1
Project("{FAE04EC0-301F-11D3-BF4B-00C04F79EFBC}") = "16lab", "16lab\16lab.csproj", "{B2D0D42D-9769-4AE2-9D6A-16B2222B9783}"
EndProject
Project("{2150E333-8FDC-42A3-9474-1A3956D46DE8}") = "Solution Items", "Solution Items", "{BD71AE09-FD86-44AF-A8A8-B74B2CF96C4A}"
	ProjectSection(SolutionItems) = preProject
		.editorconfig = .editorconfig
	EndProjectSection
EndProject
Global
	GlobalSection(SolutionConfigurationPlatforms) = preSolution
		Debug|Any CPU = Debug|Any CPU
		Release|Any CPU = Release|Any CPU
	EndGlobalSection
	GlobalSection(ProjectConfigurationPlatforms) = postSolution
		{B2D0D42D-9769-4AE2-9D6A-16B2222B9783}.Debug|Any CPU.ActiveCfg = Debug|Any CPU
		{B2D0D42D-9769-4AE2-9D6A-16B2222B9783}.Debug|Any CPU.Build.0 = Debug|Any CPU
		{B2D0D42D-9769-4AE2-9D6A-16B2222B9783}.Release|Any CPU.ActiveCfg = Release|Any CPU
		{B2D0D42D-9769-4AE2-9D6A-16B2222B9783}.Release|Any CPU.Build.0 = Release|Any CPU
	EndGlobalSection
	GlobalSection(SolutionProperties) = preSolution
		HideSolutionNode = FALSE
	EndGlobalSection
	GlobalSection(ExtensibilityGlobals) = postSolution
		SolutionGuid = {5BFFA10C-2E36-4D79-935F-5E33D11E513B}
	EndGlobalSection
EndGlobal
