
Microsoft Visual Studio Solution File, Format Version 12.00
# Visual Studio Version 17
VisualStudioVersion = 17.2.32616.157
MinimumVisualStudioVersion = 10.0.40219.1
Project("{FAE04EC0-301F-11D3-BF4B-00C04F79EFBC}") = "lab11", "lab11\lab11.csproj", "{8EC8F8C4-138A-481A-A608-8F62E4039BCB}"
EndProject
Global
	GlobalSection(SolutionConfigurationPlatforms) = preSolution
		Debug|Any CPU = Debug|Any CPU
		Release|Any CPU = Release|Any CPU
	EndGlobalSection
	GlobalSection(ProjectConfigurationPlatforms) = postSolution
		{8EC8F8C4-138A-481A-A608-8F62E4039BCB}.Debug|Any CPU.ActiveCfg = Debug|Any CPU
		{8EC8F8C4-138A-481A-A608-8F62E4039BCB}.Debug|Any CPU.Build.0 = Debug|Any CPU
		{8EC8F8C4-138A-481A-A608-8F62E4039BCB}.Release|Any CPU.ActiveCfg = Release|Any CPU
		{8EC8F8C4-138A-481A-A608-8F62E4039BCB}.Release|Any CPU.Build.0 = Release|Any CPU
	EndGlobalSection
	GlobalSection(SolutionProperties) = preSolution
		HideSolutionNode = FALSE
	EndGlobalSection
	GlobalSection(ExtensibilityGlobals) = postSolution
		SolutionGuid = {97D0242B-A0B8-4C90-A985-3B1AEFD5583C}
	EndGlobalSection
EndGlobal
