
Microsoft Visual Studio Solution File, Format Version 12.00
# Visual Studio Version 17
VisualStudioVersion = 17.1.32228.430
MinimumVisualStudioVersion = 10.0.40219.1
Project("{8BC9CEB8-8B4A-11D0-8D11-00A0C91BC942}") = "1lab", "1lab\1lab.vcxproj", "{3253DC31-EE7C-4197-B653-BF997B20E0FA}"
EndProject
Global
	GlobalSection(SolutionConfigurationPlatforms) = preSolution
		Debug|x64 = Debug|x64
		Debug|x86 = Debug|x86
		Release|x64 = Release|x64
		Release|x86 = Release|x86
	EndGlobalSection
	GlobalSection(ProjectConfigurationPlatforms) = postSolution
		{3253DC31-EE7C-4197-B653-BF997B20E0FA}.Debug|x64.ActiveCfg = Debug|x64
		{3253DC31-EE7C-4197-B653-BF997B20E0FA}.Debug|x64.Build.0 = Debug|x64
		{3253DC31-EE7C-4197-B653-BF997B20E0FA}.Debug|x86.ActiveCfg = Debug|Win32
		{3253DC31-EE7C-4197-B653-BF997B20E0FA}.Debug|x86.Build.0 = Debug|Win32
		{3253DC31-EE7C-4197-B653-BF997B20E0FA}.Release|x64.ActiveCfg = Release|x64
		{3253DC31-EE7C-4197-B653-BF997B20E0FA}.Release|x64.Build.0 = Release|x64
		{3253DC31-EE7C-4197-B653-BF997B20E0FA}.Release|x86.ActiveCfg = Release|Win32
		{3253DC31-EE7C-4197-B653-BF997B20E0FA}.Release|x86.Build.0 = Release|Win32
	EndGlobalSection
	GlobalSection(SolutionProperties) = preSolution
		HideSolutionNode = FALSE
	EndGlobalSection
	GlobalSection(ExtensibilityGlobals) = postSolution
		SolutionGuid = {998D89EA-C3D8-4C85-AC27-E70F8108B025}
	EndGlobalSection
EndGlobal
