
Microsoft Visual Studio Solution File, Format Version 12.00
Project("{FAE04EC0-301F-11D3-BF4B-00C04F79EFBC}") = "Lab2", "Lab2\Lab2.csproj", "{47D7E1F9-B9D7-4A94-81E9-08589A18E1C3}"
EndProject
Global
	GlobalSection(SolutionConfigurationPlatforms) = preSolution
		Debug|Any CPU = Debug|Any CPU
		Release|Any CPU = Release|Any CPU
	EndGlobalSection
	GlobalSection(ProjectConfigurationPlatforms) = postSolution
		{47D7E1F9-B9D7-4A94-81E9-08589A18E1C3}.Debug|Any CPU.ActiveCfg = Debug|Any CPU
		{47D7E1F9-B9D7-4A94-81E9-08589A18E1C3}.Debug|Any CPU.Build.0 = Debug|Any CPU
		{47D7E1F9-B9D7-4A94-81E9-08589A18E1C3}.Release|Any CPU.ActiveCfg = Release|Any CPU
		{47D7E1F9-B9D7-4A94-81E9-08589A18E1C3}.Release|Any CPU.Build.0 = Release|Any CPU
	EndGlobalSection
EndGlobal
