
Microsoft Visual Studio Solution File, Format Version 12.00
Project("{FAE04EC0-301F-11D3-BF4B-00C04F79EFBC}") = "Lab7", "Lab7\Lab7.csproj", "{6E2D8992-A3AD-4EA1-8C5A-2BF1B246E0A0}"
EndProject
Global
	GlobalSection(SolutionConfigurationPlatforms) = preSolution
		Debug|Any CPU = Debug|Any CPU
		Release|Any CPU = Release|Any CPU
	EndGlobalSection
	GlobalSection(ProjectConfigurationPlatforms) = postSolution
		{6E2D8992-A3AD-4EA1-8C5A-2BF1B246E0A0}.Debug|Any CPU.ActiveCfg = Debug|Any CPU
		{6E2D8992-A3AD-4EA1-8C5A-2BF1B246E0A0}.Debug|Any CPU.Build.0 = Debug|Any CPU
		{6E2D8992-A3AD-4EA1-8C5A-2BF1B246E0A0}.Release|Any CPU.ActiveCfg = Release|Any CPU
		{6E2D8992-A3AD-4EA1-8C5A-2BF1B246E0A0}.Release|Any CPU.Build.0 = Release|Any CPU
	EndGlobalSection
EndGlobal
