
Microsoft Visual Studio Solution File, Format Version 12.00
# Visual Studio Version 17
VisualStudioVersion = 17.2.32616.157
MinimumVisualStudioVersion = 10.0.40219.1
Project("{FAE04EC0-301F-11D3-BF4B-00C04F79EFBC}") = "Cli.Lab", "Cli.Lab\Cli.Lab.csproj", "{DE319BD8-8FED-4F43-A791-9FDFA4BEAFD4}"
EndProject
Global
	GlobalSection(SolutionConfigurationPlatforms) = preSolution
		Debug|Any CPU = Debug|Any CPU
		Release|Any CPU = Release|Any CPU
	EndGlobalSection
	GlobalSection(ProjectConfigurationPlatforms) = postSolution
		{DE319BD8-8FED-4F43-A791-9FDFA4BEAFD4}.Debug|Any CPU.ActiveCfg = Debug|Any CPU
		{DE319BD8-8FED-4F43-A791-9FDFA4BEAFD4}.Debug|Any CPU.Build.0 = Debug|Any CPU
		{DE319BD8-8FED-4F43-A791-9FDFA4BEAFD4}.Release|Any CPU.ActiveCfg = Release|Any CPU
		{DE319BD8-8FED-4F43-A791-9FDFA4BEAFD4}.Release|Any CPU.Build.0 = Release|Any CPU
	EndGlobalSection
	GlobalSection(SolutionProperties) = preSolution
		HideSolutionNode = FALSE
	EndGlobalSection
	GlobalSection(ExtensibilityGlobals) = postSolution
		SolutionGuid = {73C5B8B7-4664-4448-856E-8FD3B723AA86}
	EndGlobalSection
EndGlobal
