
Microsoft Visual Studio Solution File, Format Version 12.00
Project("{FAE04EC0-301F-11D3-BF4B-00C04F79EFBC}") = "Lab3", "Lab3\Lab3.csproj", "{68F0E54A-E355-4971-ACBA-C9761AD6E12B}"
EndProject
Global
	GlobalSection(SolutionConfigurationPlatforms) = preSolution
		Debug|Any CPU = Debug|Any CPU
		Release|Any CPU = Release|Any CPU
	EndGlobalSection
	GlobalSection(ProjectConfigurationPlatforms) = postSolution
		{68F0E54A-E355-4971-ACBA-C9761AD6E12B}.Debug|Any CPU.ActiveCfg = Debug|Any CPU
		{68F0E54A-E355-4971-ACBA-C9761AD6E12B}.Debug|Any CPU.Build.0 = Debug|Any CPU
		{68F0E54A-E355-4971-ACBA-C9761AD6E12B}.Release|Any CPU.ActiveCfg = Release|Any CPU
		{68F0E54A-E355-4971-ACBA-C9761AD6E12B}.Release|Any CPU.Build.0 = Release|Any CPU
	EndGlobalSection
EndGlobal
