
Microsoft Visual Studio Solution File, Format Version 12.00
# Visual Studio Version 17
VisualStudioVersion = 17.5.33516.290
MinimumVisualStudioVersion = 10.0.40219.1
Project("{FAE04EC0-301F-11D3-BF4B-00C04F79EFBC}") = "lab4", "lab4.csproj", "{23B3B392-ED79-4C6C-85E5-81B22EC96B68}"
EndProject
Global
	GlobalSection(SolutionConfigurationPlatforms) = preSolution
		Debug|Any CPU = Debug|Any CPU
		Release|Any CPU = Release|Any CPU
	EndGlobalSection
	GlobalSection(ProjectConfigurationPlatforms) = postSolution
		{23B3B392-ED79-4C6C-85E5-81B22EC96B68}.Debug|Any CPU.ActiveCfg = Debug|Any CPU
		{23B3B392-ED79-4C6C-85E5-81B22EC96B68}.Debug|Any CPU.Build.0 = Debug|Any CPU
		{23B3B392-ED79-4C6C-85E5-81B22EC96B68}.Release|Any CPU.ActiveCfg = Release|Any CPU
		{23B3B392-ED79-4C6C-85E5-81B22EC96B68}.Release|Any CPU.Build.0 = Release|Any CPU
	EndGlobalSection
	GlobalSection(SolutionProperties) = preSolution
		HideSolutionNode = FALSE
	EndGlobalSection
	GlobalSection(ExtensibilityGlobals) = postSolution
		SolutionGuid = {6979EEA6-E1F7-477A-A7D6-E69B5114786A}
	EndGlobalSection
EndGlobal
